// !$*UTF8*$!
{
	archiveVersion = 1;
	classes = {
	};
	objectVersion = 46;
	objects = {

/* Begin PBXBuildFile section */
		F33D24CF2053886900035253 /* AppDelegate.swift in Sources */ = {isa = PBXBuildFile; fileRef = F33D24CE2053886900035253 /* AppDelegate.swift */; };
		F33D24D12053886900035253 /* ViewController.swift in Sources */ = {isa = PBXBuildFile; fileRef = F33D24D02053886900035253 /* ViewController.swift */; };
		F33D24D42053886900035253 /* Main.storyboard in Resources */ = {isa = PBXBuildFile; fileRef = F33D24D22053886900035253 /* Main.storyboard */; };
		F33D24D62053886900035253 /* Assets.xcassets in Resources */ = {isa = PBXBuildFile; fileRef = F33D24D52053886900035253 /* Assets.xcassets */; };
		F33D24D92053886900035253 /* LaunchScreen.storyboard in Resources */ = {isa = PBXBuildFile; fileRef = F33D24D72053886900035253 /* LaunchScreen.storyboard */; };
		F33D24E42053886A00035253 /* Juego_P_P_TTests.swift in Sources */ = {isa = PBXBuildFile; fileRef = F33D24E32053886A00035253 /* Juego_P_P_TTests.swift */; };
		F33D24EF2053886A00035253 /* Juego_P_P_TUITests.swift in Sources */ = {isa = PBXBuildFile; fileRef = F33D24EE2053886A00035253 /* Juego_P_P_TUITests.swift */; };
/* End PBXBuildFile section */

/* Begin PBXContainerItemProxy section */
		F33D24E02053886A00035253 /* PBXContainerItemProxy */ = {
			isa = PBXContainerItemProxy;
			containerPortal = F33D24C32053886800035253 /* Project object */;
			proxyType = 1;
			remoteGlobalIDString = F33D24CA2053886900035253;
			remoteInfo = "Juego-P-P-T";
		};
		F33D24EB2053886A00035253 /* PBXContainerItemProxy */ = {
			isa = PBXContainerItemProxy;
			containerPortal = F33D24C32053886800035253 /* Project object */;
			proxyType = 1;
			remoteGlobalIDString = F33D24CA2053886900035253;
			remoteInfo = "Juego-P-P-T";
		};
/* End PBXContainerItemProxy section */

/* Begin PBXFileReference section */
		F33D24CB2053886900035253 /* Juego-P-P-T.app */ = {isa = PBXFileReference; explicitFileType = wrapper.application; includeInIndex = 0; path = "Juego-P-P-T.app"; sourceTree = BUILT_PRODUCTS_DIR; };
		F33D24CE2053886900035253 /* AppDelegate.swift */ = {isa = PBXFileReference; lastKnownFileType = sourcecode.swift; path = AppDelegate.swift; sourceTree = "<group>"; };
		F33D24D02053886900035253 /* ViewController.swift */ = {isa = PBXFileReference; lastKnownFileType = sourcecode.swift; path = ViewController.swift; sourceTree = "<group>"; };
		F33D24D32053886900035253 /* Base */ = {isa = PBXFileReference; lastKnownFileType = file.storyboard; name = Base; path = Base.lproj/Main.storyboard; sourceTree = "<group>"; };
		F33D24D52053886900035253 /* Assets.xcassets */ = {isa = PBXFileReference; lastKnownFileType = folder.assetcatalog; path = Assets.xcassets; sourceTree = "<group>"; };
		F33D24D82053886900035253 /* Base */ = {isa = PBXFileReference; lastKnownFileType = file.storyboard; name = Base; path = Base.lproj/LaunchScreen.storyboard; sourceTree = "<group>"; };
		F33D24DA2053886900035253 /* Info.plist */ = {isa = PBXFileReference; lastKnownFileType = text.plist.xml; path = Info.plist; sourceTree = "<group>"; };
		F33D24DF2053886A00035253 /* Juego-P-P-TTests.xctest */ = {isa = PBXFileReference; explicitFileType = wrapper.cfbundle; includeInIndex = 0; path = "Juego-P-P-TTests.xctest"; sourceTree = BUILT_PRODUCTS_DIR; };
		F33D24E32053886A00035253 /* Juego_P_P_TTests.swift */ = {isa = PBXFileReference; lastKnownFileType = sourcecode.swift; path = Juego_P_P_TTests.swift; sourceTree = "<group>"; };
		F33D24E52053886A00035253 /* Info.plist */ = {isa = PBXFileReference; lastKnownFileType = text.plist.xml; path = Info.plist; sourceTree = "<group>"; };
		F33D24EA2053886A00035253 /* Juego-P-P-TUITests.xctest */ = {isa = PBXFileReference; explicitFileType = wrapper.cfbundle; includeInIndex = 0; path = "Juego-P-P-TUITests.xctest"; sourceTree = BUILT_PRODUCTS_DIR; };
		F33D24EE2053886A00035253 /* Juego_P_P_TUITests.swift */ = {isa = PBXFileReference; lastKnownFileType = sourcecode.swift; path = Juego_P_P_TUITests.swift; sourceTree = "<group>"; };
		F33D24F02053886A00035253 /* Info.plist */ = {isa = PBXFileReference; lastKnownFileType = text.plist.xml; path = Info.plist; sourceTree = "<group>"; };
/* End PBXFileReference section */

/* Begin PBXFrameworksBuildPhase section */
		F33D24C82053886900035253 /* Frameworks */ = {
			isa = PBXFrameworksBuildPhase;
			buildActionMask = 2147483647;
			files = (
			);
			runOnlyForDeploymentPostprocessing = 0;
		};
		F33D24DC2053886A00035253 /* Frameworks */ = {
			isa = PBXFrameworksBuildPhase;
			buildActionMask = 2147483647;
			files = (
			);
			runOnlyForDeploymentPostprocessing = 0;
		};
		F33D24E72053886A00035253 /* Frameworks */ = {
			isa = PBXFrameworksBuildPhase;
			buildActionMask = 2147483647;
			files = (
			);
			runOnlyForDeploymentPostprocessing = 0;
		};
/* End PBXFrameworksBuildPhase section */

/* Begin PBXGroup section */
		F33D24C22053886800035253 = {
			isa = PBXGroup;
			children = (
				F33D24CD2053886900035253 /* Juego-P-P-T */,
				F33D24E22053886A00035253 /* Juego-P-P-TTests */,
				F33D24ED2053886A00035253 /* Juego-P-P-TUITests */,
				F33D24CC2053886900035253 /* Products */,
			);
			sourceTree = "<group>";
		};
		F33D24CC2053886900035253 /* Products */ = {
			isa = PBXGroup;
			children = (
				F33D24CB2053886900035253 /* Juego-P-P-T.app */,
				F33D24DF2053886A00035253 /* Juego-P-P-TTests.xctest */,
				F33D24EA2053886A00035253 /* Juego-P-P-TUITests.xctest */,
			);
			name = Products;
			sourceTree = "<group>";
		};
		F33D24CD2053886900035253 /* Juego-P-P-T */ = {
			isa = PBXGroup;
			children = (
				F33D24CE2053886900035253 /* AppDelegate.swift */,
				F33D24D02053886900035253 /* ViewController.swift */,
				F33D24D22053886900035253 /* Main.storyboard */,
				F33D24D52053886900035253 /* Assets.xcassets */,
				F33D24D72053886900035253 /* LaunchScreen.storyboard */,
				F33D24DA2053886900035253 /* Info.plist */,
			);
			path = "Juego-P-P-T";
			sourceTree = "<group>";
		};
		F33D24E22053886A00035253 /* Juego-P-P-TTests */ = {
			isa = PBXGroup;
			children = (
				F33D24E32053886A00035253 /* Juego_P_P_TTests.swift */,
				F33D24E52053886A00035253 /* Info.plist */,
			);
			path = "Juego-P-P-TTests";
			sourceTree = "<group>";
		};
		F33D24ED2053886A00035253 /* Juego-P-P-TUITests */ = {
			isa = PBXGroup;
			children = (
				F33D24EE2053886A00035253 /* Juego_P_P_TUITests.swift */,
				F33D24F02053886A00035253 /* Info.plist */,
			);
			path = "Juego-P-P-TUITests";
			sourceTree = "<group>";
		};
/* End PBXGroup section */

/* Begin PBXNativeTarget section */
		F33D24CA2053886900035253 /* Juego-P-P-T */ = {
			isa = PBXNativeTarget;
			buildConfigurationList = F33D24F32053886A00035253 /* Build configuration list for PBXNativeTarget "Juego-P-P-T" */;
			buildPhases = (
				F33D24C72053886900035253 /* Sources */,
				F33D24C82053886900035253 /* Frameworks */,
				F33D24C92053886900035253 /* Resources */,
			);
			buildRules = (
			);
			dependencies = (
			);
			name = "Juego-P-P-T";
			productName = "Juego-P-P-T";
			productReference = F33D24CB2053886900035253 /* Juego-P-P-T.app */;
			productType = "com.apple.product-type.application";
		};
		F33D24DE2053886A00035253 /* Juego-P-P-TTests */ = {
			isa = PBXNativeTarget;
			buildConfigurationList = F33D24F62053886A00035253 /* Build configuration list for PBXNativeTarget "Juego-P-P-TTests" */;
			buildPhases = (
				F33D24DB2053886A00035253 /* Sources */,
				F33D24DC2053886A00035253 /* Frameworks */,
				F33D24DD2053886A00035253 /* Resources */,
			);
			buildRules = (
			);
			dependencies = (
				F33D24E12053886A00035253 /* PBXTargetDependency */,
			);
			name = "Juego-P-P-TTests";
			productName = "Juego-P-P-TTests";
			productReference = F33D24DF2053886A00035253 /* Juego-P-P-TTests.xctest */;
			productType = "com.apple.product-type.bundle.unit-test";
		};
		F33D24E92053886A00035253 /* Juego-P-P-TUITests */ = {
			isa = PBXNativeTarget;
			buildConfigurationList = F33D24F92053886A00035253 /* Build configuration list for PBXNativeTarget "Juego-P-P-TUITests" */;
			buildPhases = (
				F33D24E62053886A00035253 /* Sources */,
				F33D24E72053886A00035253 /* Frameworks */,
				F33D24E82053886A00035253 /* Resources */,
			);
			buildRules = (
			);
			dependencies = (
				F33D24EC2053886A00035253 /* PBXTargetDependency */,
			);
			name = "Juego-P-P-TUITests";
			productName = "Juego-P-P-TUITests";
			productReference = F33D24EA2053886A00035253 /* Juego-P-P-TUITests.xctest */;
			productType = "com.apple.product-type.bundle.ui-testing";
		};
/* End PBXNativeTarget section */

/* Begin PBXProject section */
		F33D24C32053886800035253 /* Project object */ = {
			isa = PBXProject;
			attributes = {
				LastSwiftUpdateCheck = 0830;
				LastUpgradeCheck = 0830;
				ORGANIZATIONNAME = "Alumno IDS";
				TargetAttributes = {
					F33D24CA2053886900035253 = {
						CreatedOnToolsVersion = 8.3.2;
						ProvisioningStyle = Automatic;
					};
					F33D24DE2053886A00035253 = {
						CreatedOnToolsVersion = 8.3.2;
						ProvisioningStyle = Automatic;
						TestTargetID = F33D24CA2053886900035253;
					};
					F33D24E92053886A00035253 = {
						CreatedOnToolsVersion = 8.3.2;
						ProvisioningStyle = Automatic;
						TestTargetID = F33D24CA2053886900035253;
					};
				};
			};
			buildConfigurationList = F33D24C62053886800035253 /* Build configuration list for PBXProject "Juego-P-P-T" */;
			compatibilityVersion = "Xcode 3.2";
			developmentRegion = English;
			hasScannedForEncodings = 0;
			knownRegions = (
				en,
				Base,
			);
			mainGroup = F33D24C22053886800035253;
			productRefGroup = F33D24CC2053886900035253 /* Products */;
			projectDirPath = "";
			projectRoot = "";
			targets = (
				F33D24CA2053886900035253 /* Juego-P-P-T */,
				F33D24DE2053886A00035253 /* Juego-P-P-TTests */,
				F33D24E92053886A00035253 /* Juego-P-P-TUITests */,
			);
		};
/* End PBXProject section */

/* Begin PBXResourcesBuildPhase section */
		F33D24C92053886900035253 /* Resources */ = {
			isa = PBXResourcesBuildPhase;
			buildActionMask = 2147483647;
			files = (
				F33D24D92053886900035253 /* LaunchScreen.storyboard in Resources */,
				F33D24D62053886900035253 /* Assets.xcassets in Resources */,
				F33D24D42053886900035253 /* Main.storyboard in Resources */,
			);
			runOnlyForDeploymentPostprocessing = 0;
		};
		F33D24DD2053886A00035253 /* Resources */ = {
			isa = PBXResourcesBuildPhase;
			buildActionMask = 2147483647;
			files = (
			);
			runOnlyForDeploymentPostprocessing = 0;
		};
		F33D24E82053886A00035253 /* Resources */ = {
			isa = PBXResourcesBuildPhase;
			buildActionMask = 2147483647;
			files = (
			);
			runOnlyForDeploymentPostprocessing = 0;
		};
/* End PBXResourcesBuildPhase section */

/* Begin PBXSourcesBuildPhase section */
		F33D24C72053886900035253 /* Sources */ = {
			isa = PBXSourcesBuildPhase;
			buildActionMask = 2147483647;
			files = (
				F33D24D12053886900035253 /* ViewController.swift in Sources */,
				F33D24CF2053886900035253 /* AppDelegate.swift in Sources */,
			);
			runOnlyForDeploymentPostprocessing = 0;
		};
		F33D24DB2053886A00035253 /* Sources */ = {
			isa = PBXSourcesBuildPhase;
			buildActionMask = 2147483647;
			files = (
				F33D24E42053886A00035253 /* Juego_P_P_TTests.swift in Sources */,
			);
			runOnlyForDeploymentPostprocessing = 0;
		};
		F33D24E62053886A00035253 /* Sources */ = {
			isa = PBXSourcesBuildPhase;
			buildActionMask = 2147483647;
			files = (
				F33D24EF2053886A00035253 /* Juego_P_P_TUITests.swift in Sources */,
			);
			runOnlyForDeploymentPostprocessing = 0;
		};
/* End PBXSourcesBuildPhase section */

/* Begin PBXTargetDependency section */
		F33D24E12053886A00035253 /* PBXTargetDependency */ = {
			isa = PBXTargetDependency;
			target = F33D24CA2053886900035253 /* Juego-P-P-T */;
			targetProxy = F33D24E02053886A00035253 /* PBXContainerItemProxy */;
		};
		F33D24EC2053886A00035253 /* PBXTargetDependency */ = {
			isa = PBXTargetDependency;
			target = F33D24CA2053886900035253 /* Juego-P-P-T */;
			targetProxy = F33D24EB2053886A00035253 /* PBXContainerItemProxy */;
		};
/* End PBXTargetDependency section */

/* Begin PBXVariantGroup section */
		F33D24D22053886900035253 /* Main.storyboard */ = {
			isa = PBXVariantGroup;
			children = (
				F33D24D32053886900035253 /* Base */,
			);
			name = Main.storyboard;
			sourceTree = "<group>";
		};
		F33D24D72053886900035253 /* LaunchScreen.storyboard */ = {
			isa = PBXVariantGroup;
			children = (
				F33D24D82053886900035253 /* Base */,
			);
			name = LaunchScreen.storyboard;
			sourceTree = "<group>";
		};
/* End PBXVariantGroup section */

/* Begin XCBuildConfiguration section */
		F33D24F12053886A00035253 /* Debug */ = {
			isa = XCBuildConfiguration;
			buildSettings = {
				ALWAYS_SEARCH_USER_PATHS = NO;
				CLANG_ANALYZER_NONNULL = YES;
				CLANG_ANALYZER_NUMBER_OBJECT_CONVERSION = YES_AGGRESSIVE;
				CLANG_CXX_LANGUAGE_STANDARD = "gnu++0x";
				CLANG_CXX_LIBRARY = "libc++";
				CLANG_ENABLE_MODULES = YES;
				CLANG_ENABLE_OBJC_ARC = YES;
				CLANG_WARN_BOOL_CONVERSION = YES;
				CLANG_WARN_CONSTANT_CONVERSION = YES;
				CLANG_WARN_DIRECT_OBJC_ISA_USAGE = YES_ERROR;
				CLANG_WARN_DOCUMENTATION_COMMENTS = YES;
				CLANG_WARN_EMPTY_BODY = YES;
				CLANG_WARN_ENUM_CONVERSION = YES;
				CLANG_WARN_INFINITE_RECURSION = YES;
				CLANG_WARN_INT_CONVERSION = YES;
				CLANG_WARN_OBJC_ROOT_CLASS = YES_ERROR;
				CLANG_WARN_SUSPICIOUS_MOVE = YES;
				CLANG_WARN_UNREACHABLE_CODE = YES;
				CLANG_WARN__DUPLICATE_METHOD_MATCH = YES;
				"CODE_SIGN_IDENTITY[sdk=iphoneos*]" = "iPhone Developer";
				COPY_PHASE_STRIP = NO;
				DEBUG_INFORMATION_FORMAT = dwarf;
				ENABLE_STRICT_OBJC_MSGSEND = YES;
				ENABLE_TESTABILITY = YES;
				GCC_C_LANGUAGE_STANDARD = gnu99;
				GCC_DYNAMIC_NO_PIC = NO;
				GCC_NO_COMMON_BLOCKS = YES;
				GCC_OPTIMIZATION_LEVEL = 0;
				GCC_PREPROCESSOR_DEFINITIONS = (
					"DEBUG=1",
					"$(inherited)",
				);
				GCC_WARN_64_TO_32_BIT_CONVERSION = YES;
				GCC_WARN_ABOUT_RETURN_TYPE = YES_ERROR;
				GCC_WARN_UNDECLARED_SELECTOR = YES;
				GCC_WARN_UNINITIALIZED_AUTOS = YES_AGGRESSIVE;
				GCC_WARN_UNUSED_FUNCTION = YES;
				GCC_WARN_UNUSED_VARIABLE = YES;
				IPHONEOS_DEPLOYMENT_TARGET = 10.3;
				MTL_ENABLE_DEBUG_INFO = YES;
				ONLY_ACTIVE_ARCH = YES;
				SDKROOT = iphoneos;
				SWIFT_ACTIVE_COMPILATION_CONDITIONS = DEBUG;
				SWIFT_OPTIMIZATION_LEVEL = "-Onone";
				TARGETED_DEVICE_FAMILY = "1,2";
			};
			name = Debug;
		};
		F33D24F22053886A00035253 /* Release */ = {
			isa = XCBuildConfiguration;
			buildSettings = {
				ALWAYS_SEARCH_USER_PATHS = NO;
				CLANG_ANALYZER_NONNULL = YES;
				CLANG_ANALYZER_NUMBER_OBJECT_CONVERSION = YES_AGGRESSIVE;
				CLANG_CXX_LANGUAGE_STANDARD = "gnu++0x";
				CLANG_CXX_LIBRARY = "libc++";
				CLANG_ENABLE_MODULES = YES;
				CLANG_ENABLE_OBJC_ARC = YES;
				CLANG_WARN_BOOL_CONVERSION = YES;
				CLANG_WARN_CONSTANT_CONVERSION = YES;
				CLANG_WARN_DIRECT_OBJC_ISA_USAGE = YES_ERROR;
				CLANG_WARN_DOCUMENTATION_COMMENTS = YES;
				CLANG_WARN_EMPTY_BODY = YES;
				CLANG_WARN_ENUM_CONVERSION = YES;
				CLANG_WARN_INFINITE_RECURSION = YES;
				CLANG_WARN_INT_CONVERSION = YES;
				CLANG_WARN_OBJC_ROOT_CLASS = YES_ERROR;
				CLANG_WARN_SUSPICIOUS_MOVE = YES;
				CLANG_WARN_UNREACHABLE_CODE = YES;
				CLANG_WARN__DUPLICATE_METHOD_MATCH = YES;
				"CODE_SIGN_IDENTITY[sdk=iphoneos*]" = "iPhone Developer";
				COPY_PHASE_STRIP = NO;
				DEBUG_INFORMATION_FORMAT = "dwarf-with-dsym";
				ENABLE_NS_ASSERTIONS = NO;
				ENABLE_STRICT_OBJC_MSGSEND = YES;
				GCC_C_LANGUAGE_STANDARD = gnu99;
				GCC_NO_COMMON_BLOCKS = YES;
				GCC_WARN_64_TO_32_BIT_CONVERSION = YES;
				GCC_WARN_ABOUT_RETURN_TYPE = YES_ERROR;
				GCC_WARN_UNDECLARED_SELECTOR = YES;
				GCC_WARN_UNINITIALIZED_AUTOS = YES_AGGRESSIVE;
				GCC_WARN_UNUSED_FUNCTION = YES;
				GCC_WARN_UNUSED_VARIABLE = YES;
				IPHONEOS_DEPLOYMENT_TARGET = 10.3;
				MTL_ENABLE_DEBUG_INFO = NO;
				SDKROOT = iphoneos;
				SWIFT_OPTIMIZATION_LEVEL = "-Owholemodule";
				TARGETED_DEVICE_FAMILY = "1,2";
				VALIDATE_PRODUCT = YES;
			};
			name = Release;
		};
		F33D24F42053886A00035253 /* Debug */ = {
			isa = XCBuildConfiguration;
			buildSettings = {
				ASSETCATALOG_COMPILER_APPICON_NAME = AppIcon;
				INFOPLIST_FILE = "Juego-P-P-T/Info.plist";
				LD_RUNPATH_SEARCH_PATHS = "$(inherited) @executable_path/Frameworks";
				PRODUCT_BUNDLE_IDENTIFIER = "PedroNajar.Juego-P-P-T";
				PRODUCT_NAME = "$(TARGET_NAME)";
				SWIFT_VERSION = 3.0;
			};
			name = Debug;
		};
		F33D24F52053886A00035253 /* Release */ = {
			isa = XCBuildConfiguration;
			buildSettings = {
				ASSETCATALOG_COMPILER_APPICON_NAME = AppIcon;
				INFOPLIST_FILE = "Juego-P-P-T/Info.plist";
				LD_RUNPATH_SEARCH_PATHS = "$(inherited) @executable_path/Frameworks";
				PRODUCT_BUNDLE_IDENTIFIER = "PedroNajar.Juego-P-P-T";
				PRODUCT_NAME = "$(TARGET_NAME)";
				SWIFT_VERSION = 3.0;
			};
			name = Release;
		};
		F33D24F72053886A00035253 /* Debug */ = {
			isa = XCBuildConfiguration;
			buildSettings = {
				ALWAYS_EMBED_SWIFT_STANDARD_LIBRARIES = YES;
				BUNDLE_LOADER = "$(TEST_HOST)";
				INFOPLIST_FILE = "Juego-P-P-TTests/Info.plist";
				LD_RUNPATH_SEARCH_PATHS = "$(inherited) @executable_path/Frameworks @loader_path/Frameworks";
				PRODUCT_BUNDLE_IDENTIFIER = "PedroNajar.Juego-P-P-TTests";
				PRODUCT_NAME = "$(TARGET_NAME)";
				SWIFT_VERSION = 3.0;
				TEST_HOST = "$(BUILT_PRODUCTS_DIR)/Juego-P-P-T.app/Juego-P-P-T";
			};
			name = Debug;
		};
		F33D24F82053886A00035253 /* Release */ = {
			isa = XCBuildConfiguration;
			buildSettings = {
				ALWAYS_EMBED_SWIFT_STANDARD_LIBRARIES = YES;
				BUNDLE_LOADER = "$(TEST_HOST)";
				INFOPLIST_FILE = "Juego-P-P-TTests/Info.plist";
				LD_RUNPATH_SEARCH_PATHS = "$(inherited) @executable_path/Frameworks @loader_path/Frameworks";
				PRODUCT_BUNDLE_IDENTIFIER = "PedroNajar.Juego-P-P-TTests";
				PRODUCT_NAME = "$(TARGET_NAME)";
				SWIFT_VERSION = 3.0;
				TEST_HOST = "$(BUILT_PRODUCTS_DIR)/Juego-P-P-T.app/Juego-P-P-T";
			};
			name = Release;
		};
		F33D24FA2053886A00035253 /* Debug */ = {
			isa = XCBuildConfiguration;
			buildSettings = {
				ALWAYS_EMBED_SWIFT_STANDARD_LIBRARIES = YES;
				INFOPLIST_FILE = "Juego-P-P-TUITests/Info.plist";
				LD_RUNPATH_SEARCH_PATHS = "$(inherited) @executable_path/Frameworks @loader_path/Frameworks";
				PRODUCT_BUNDLE_IDENTIFIER = "PedroNajar.Juego-P-P-TUITests";
				PRODUCT_NAME = "$(TARGET_NAME)";
				SWIFT_VERSION = 3.0;
				TEST_TARGET_NAME = "Juego-P-P-T";
			};
			name = Debug;
		};
		F33D24FB2053886A00035253 /* Release */ = {
			isa = XCBuildConfiguration;
			buildSettings = {
				ALWAYS_EMBED_SWIFT_STANDARD_LIBRARIES = YES;
				INFOPLIST_FILE = "Juego-P-P-TUITests/Info.plist";
				LD_RUNPATH_SEARCH_PATHS = "$(inherited) @executable_path/Frameworks @loader_path/Frameworks";
				PRODUCT_BUNDLE_IDENTIFIER = "PedroNajar.Juego-P-P-TUITests";
				PRODUCT_NAME = "$(TARGET_NAME)";
				SWIFT_VERSION = 3.0;
				TEST_TARGET_NAME = "Juego-P-P-T";
			};
			name = Release;
		};
/* End XCBuildConfiguration section */

/* Begin XCConfigurationList section */
		F33D24C62053886800035253 /* Build configuration list for PBXProject "Juego-P-P-T" */ = {
			isa = XCConfigurationList;
			buildConfigurations = (
				F33D24F12053886A00035253 /* Debug */,
				F33D24F22053886A00035253 /* Release */,
			);
			defaultConfigurationIsVisible = 0;
			defaultConfigurationName = Release;
		};
		F33D24F32053886A00035253 /* Build configuration list for PBXNativeTarget "Juego-P-P-T" */ = {
			isa = XCConfigurationList;
			buildConfigurations = (
				F33D24F42053886A00035253 /* Debug */,
				F33D24F52053886A00035253 /* Release */,
			);
			defaultConfigurationIsVisible = 0;
		};
		F33D24F62053886A00035253 /* Build configuration list for PBXNativeTarget "Juego-P-P-TTests" */ = {
			isa = XCConfigurationList;
			buildConfigurations = (
				F33D24F72053886A00035253 /* Debug */,
				F33D24F82053886A00035253 /* Release */,
			);
			defaultConfigurationIsVisible = 0;
		};
		F33D24F92053886A00035253 /* Build configuration list for PBXNativeTarget "Juego-P-P-TUITests" */ = {
			isa = XCConfigurationList;
			buildConfigurations = (
				F33D24FA2053886A00035253 /* Debug */,
				F33D24FB2053886A00035253 /* Release */,
			);
			defaultConfigurationIsVisible = 0;
		};
/* End XCConfigurationList section */
	};
	rootObject = F33D24C32053886800035253 /* Project object */;
}
